// !$*UTF8*$!
{
	archiveVersion = 1;
	classes = {
	};
	objectVersion = 48;
	objects = {

/* Begin PBXBuildFile section */
		94BEF4ED213E7C3C0034CCCA /* AppDelegate.swift in Sources */ = {isa = PBXBuildFile; fileRef = 94BEF4EC213E7C3C0034CCCA /* AppDelegate.swift */; };
		94BEF4EF213E7C3C0034CCCA /* ViewController.swift in Sources */ = {isa = PBXBuildFile; fileRef = 94BEF4EE213E7C3C0034CCCA /* ViewController.swift */; };
		94BEF4F2213E7C3C0034CCCA /* Main.storyboard in Resources */ = {isa = PBXBuildFile; fileRef = 94BEF4F0213E7C3C0034CCCA /* Main.storyboard */; };
		94BEF4F4213E7C3C0034CCCA /* Assets.xcassets in Resources */ = {isa = PBXBuildFile; fileRef = 94BEF4F3213E7C3C0034CCCA /* Assets.xcassets */; };
		94BEF4F7213E7C3C0034CCCA /* LaunchScreen.storyboard in Resources */ = {isa = PBXBuildFile; fileRef = 94BEF4F5213E7C3C0034CCCA /* LaunchScreen.storyboard */; };
/* End PBXBuildFile section */

/* Begin PBXFileReference section */
		94BEF4E9213E7C3C0034CCCA /* GItSubmit.app */ = {isa = PBXFileReference; explicitFileType = wrapper.application; includeInIndex = 0; path = GItSubmit.app; sourceTree = BUILT_PRODUCTS_DIR; };
		94BEF4EC213E7C3C0034CCCA /* AppDelegate.swift */ = {isa = PBXFileReference; lastKnownFileType = sourcecode.swift; path = AppDelegate.swift; sourceTree = "<group>"; };
		94BEF4EE213E7C3C0034CCCA /* ViewController.swift */ = {isa = PBXFileReference; lastKnownFileType = sourcecode.swift; path = ViewController.swift; sourceTree = "<group>"; };
		94BEF4F1213E7C3C0034CCCA /* Base */ = {isa = PBXFileReference; lastKnownFileType = file.storyboard; name = Base; path = Base.lproj/Main.storyboard; sourceTree = "<group>"; };
		94BEF4F3213E7C3C0034CCCA /* Assets.xcassets */ = {isa = PBXFileReference; lastKnownFileType = folder.assetcatalog; path = Assets.xcassets; sourceTree = "<group>"; };
		94BEF4F6213E7C3C0034CCCA /* Base */ = {isa = PBXFileReference; lastKnownFileType = file.storyboard; name = Base; path = Base.lproj/LaunchScreen.storyboard; sourceTree = "<group>"; };
		94BEF4F8213E7C3C0034CCCA /* Info.plist */ = {isa = PBXFileReference; lastKnownFileType = text.plist.xml; path = Info.plist; sourceTree = "<group>"; };
/* End PBXFileReference section */

/* Begin PBXFrameworksBuildPhase section */
		94BEF4E6213E7C3C0034CCCA /* Frameworks */ = {
			isa = PBXFrameworksBuildPhase;
			buildActionMask = 2147483647;
			files = (
			);
			runOnlyForDeploymentPostprocessing = 0;
		};
/* End PBXFrameworksBuildPhase section */

/* Begin PBXGroup section */
		94BEF4E0213E7C3C0034CCCA = {
			isa = PBXGroup;
			children = (
				94BEF4EB213E7C3C0034CCCA /* GItSubmit */,
				94BEF4EA213E7C3C0034CCCA /* Products */,
			);
			sourceTree = "<group>";
		};
		94BEF4EA213E7C3C0034CCCA /* Products */ = {
			isa = PBXGroup;
			children = (
				94BEF4E9213E7C3C0034CCCA /* GItSubmit.app */,
			);
			name = Products;
			sourceTree = "<group>";
		};
		94BEF4EB213E7C3C0034CCCA /* GItSubmit */ = {
			isa = PBXGroup;
			children = (
				94BEF4EC213E7C3C0034CCCA /* AppDelegate.swift */,
				94BEF4EE213E7C3C0034CCCA /* ViewController.swift */,
				94BEF4F0213E7C3C0034CCCA /* Main.storyboard */,
				94BEF4F3213E7C3C0034CCCA /* Assets.xcassets */,
				94BEF4F5213E7C3C0034CCCA /* LaunchScreen.storyboard */,
				94BEF4F8213E7C3C0034CCCA /* Info.plist */,
			);
			path = GItSubmit;
			sourceTree = "<group>";
		};
/* End PBXGroup section */

/* Begin PBXNativeTarget section */
		94BEF4E8213E7C3C0034CCCA /* GItSubmit */ = {
			isa = PBXNativeTarget;
			buildConfigurationList = 94BEF4FB213E7C3C0034CCCA /* Build configuration list for PBXNativeTarget "GItSubmit" */;
			buildPhases = (
				94BEF4E5213E7C3C0034CCCA /* Sources */,
				94BEF4E6213E7C3C0034CCCA /* Frameworks */,
				94BEF4E7213E7C3C0034CCCA /* Resources */,
			);
			buildRules = (
			);
			dependencies = (
			);
			name = GItSubmit;
			productName = GItSubmit;
			productReference = 94BEF4E9213E7C3C0034CCCA /* GItSubmit.app */;
			productType = "com.apple.product-type.application";
		};
/* End PBXNativeTarget section */

/* Begin PBXProject section */
		94BEF4E1213E7C3C0034CCCA /* Project object */ = {
			isa = PBXProject;
			attributes = {
				LastSwiftUpdateCheck = 0920;
				LastUpgradeCheck = 0920;
				ORGANIZATIONNAME = Azamuddin;
				TargetAttributes = {
					94BEF4E8213E7C3C0034CCCA = {
						CreatedOnToolsVersion = 9.2;
						ProvisioningStyle = Automatic;
					};
				};
			};
			buildConfigurationList = 94BEF4E4213E7C3C0034CCCA /* Build configuration list for PBXProject "GItSubmit" */;
			compatibilityVersion = "Xcode 8.0";
			developmentRegion = en;
			hasScannedForEncodings = 0;
			knownRegions = (
				en,
				Base,
			);
			mainGroup = 94BEF4E0213E7C3C0034CCCA;
			productRefGroup = 94BEF4EA213E7C3C0034CCCA /* Products */;
			projectDirPath = "";
			projectRoot = "";
			targets = (
				94BEF4E8213E7C3C0034CCCA /* GItSubmit */,
			);
		};
/* End PBXProject section */

/* Begin PBXResourcesBuildPhase section */
		94BEF4E7213E7C3C0034CCCA /* Resources */ = {
			isa = PBXResourcesBuildPhase;
			buildActionMask = 2147483647;
			files = (
				94BEF4F7213E7C3C0034CCCA /* LaunchScreen.storyboard in Resources */,
				94BEF4F4213E7C3C0034CCCA /* Assets.xcassets in Resources */,
				94BEF4F2213E7C3C0034CCCA /* Main.storyboard in Resources */,
			);
			runOnlyForDeploymentPostprocessing = 0;
		};
/* End PBXResourcesBuildPhase section */

/* Begin PBXSourcesBuildPhase section */
		94BEF4E5213E7C3C0034CCCA /* Sources */ = {
			isa = PBXSourcesBuildPhase;
			buildActionMask = 2147483647;
			files = (
				94BEF4EF213E7C3C0034CCCA /* ViewController.swift in Sources */,
				94BEF4ED213E7C3C0034CCCA /* AppDelegate.swift in Sources */,
			);
			runOnlyForDeploymentPostprocessing = 0;
		};
/* End PBXSourcesBuildPhase section */

/* Begin PBXVariantGroup section */
		94BEF4F0213E7C3C0034CCCA /* Main.storyboard */ = {
			isa = PBXVariantGroup;
			children = (
				94BEF4F1213E7C3C0034CCCA /* Base */,
			);
			name = Main.storyboard;
			sourceTree = "<group>";
		};
		94BEF4F5213E7C3C0034CCCA /* LaunchScreen.storyboard */ = {
			isa = PBXVariantGroup;
			children = (
				94BEF4F6213E7C3C0034CCCA /* Base */,
			);
			name = LaunchScreen.storyboard;
			sourceTree = "<group>";
		};
/* End PBXVariantGroup section */

/* Begin XCBuildConfiguration section */
		94BEF4F9213E7C3C0034CCCA /* Debug */ = {
			isa = XCBuildConfiguration;
			buildSettings = {
				ALWAYS_SEARCH_USER_PATHS = NO;
				CLANG_ANALYZER_NONNULL = YES;
				CLANG_ANALYZER_NUMBER_OBJECT_CONVERSION = YES_AGGRESSIVE;
				CLANG_CXX_LANGUAGE_STANDARD = "gnu++14";
				CLANG_CXX_LIBRARY = "libc++";
				CLANG_ENABLE_MODULES = YES;
				CLANG_ENABLE_OBJC_ARC = YES;
				CLANG_WARN_BLOCK_CAPTURE_AUTORELEASING = YES;
				CLANG_WARN_BOOL_CONVERSION = YES;
				CLANG_WARN_COMMA = YES;
				CLANG_WARN_CONSTANT_CONVERSION = YES;
				CLANG_WARN_DIRECT_OBJC_ISA_USAGE = YES_ERROR;
				CLANG_WARN_DOCUMENTATION_COMMENTS = YES;
				CLANG_WARN_EMPTY_BODY = YES;
				CLANG_WARN_ENUM_CONVERSION = YES;
				CLANG_WARN_INFINITE_RECURSION = YES;
				CLANG_WARN_INT_CONVERSION = YES;
				CLANG_WARN_NON_LITERAL_NULL_CONVERSION = YES;
				CLANG_WARN_OBJC_LITERAL_CONVERSION = YES;
				CLANG_WARN_OBJC_ROOT_CLASS = YES_ERROR;
				CLANG_WARN_RANGE_LOOP_ANALYSIS = YES;
				CLANG_WARN_STRICT_PROTOTYPES = YES;
				CLANG_WARN_SUSPICIOUS_MOVE = YES;
				CLANG_WARN_UNGUARDED_AVAILABILITY = YES_AGGRESSIVE;
				CLANG_WARN_UNREACHABLE_CODE = YES;
				CLANG_WARN__DUPLICATE_METHOD_MATCH = YES;
				CODE_SIGN_IDENTITY = "iPhone Developer";
				COPY_PHASE_STRIP = NO;
				DEBUG_INFORMATION_FORMAT = dwarf;
				ENABLE_STRICT_OBJC_MSGSEND = YES;
				ENABLE_TESTABILITY = YES;
				GCC_C_LANGUAGE_STANDARD = gnu11;
				GCC_DYNAMIC_NO_PIC = NO;
				GCC_NO_COMMON_BLOCKS = YES;
				GCC_OPTIMIZATION_LEVEL = 0;
				GCC_PREPROCESSOR_DEFINITIONS = (
					"DEBUG=1",
					"$(inherited)",
				);
				GCC_WARN_64_TO_32_BIT_CONVERSION = YES;
				GCC_WARN_ABOUT_RETURN_TYPE = YES_ERROR;
				GCC_WARN_UNDECLARED_SELECTOR = YES;
				GCC_WARN_UNINITIALIZED_AUTOS = YES_AGGRESSIVE;
				GCC_WARN_UNUSED_FUNCTION = YES;
				GCC_WARN_UNUSED_VARIABLE = YES;
				IPHONEOS_DEPLOYMENT_TARGET = 11.2;
				MTL_ENABLE_DEBUG_INFO = YES;
				ONLY_ACTIVE_ARCH = YES;
				SDKROOT = iphoneos;
				SWIFT_ACTIVE_COMPILATION_CONDITIONS = DEBUG;
				SWIFT_OPTIMIZATION_LEVEL = "-Onone";
			};
			name = Debug;
		};
		94BEF4FA213E7C3C0034CCCA /* Release */ = {
			isa = XCBuildConfiguration;
			buildSettings = {
				ALWAYS_SEARCH_USER_PATHS = NO;
				CLANG_ANALYZER_NONNULL = YES;
				CLANG_ANALYZER_NUMBER_OBJECT_CONVERSION = YES_AGGRESSIVE;
				CLANG_CXX_LANGUAGE_STANDARD = "gnu++14";
				CLANG_CXX_LIBRARY = "libc++";
				CLANG_ENABLE_MODULES = YES;
				CLANG_ENABLE_OBJC_ARC = YES;
				CLANG_WARN_BLOCK_CAPTURE_AUTORELEASING = YES;
				CLANG_WARN_BOOL_CONVERSION = YES;
				CLANG_WARN_COMMA = YES;
				CLANG_WARN_CONSTANT_CONVERSION = YES;
				CLANG_WARN_DIRECT_OBJC_ISA_USAGE = YES_ERROR;
				CLANG_WARN_DOCUMENTATION_COMMENTS = YES;
				CLANG_WARN_EMPTY_BODY = YES;
				CLANG_WARN_ENUM_CONVERSION = YES;
				CLANG_WARN_INFINITE_RECURSION = YES;
				CLANG_WARN_INT_CONVERSION = YES;
				CLANG_WARN_NON_LITERAL_NULL_CONVERSION = YES;
				CLANG_WARN_OBJC_LITERAL_CONVERSION = YES;
				CLANG_WARN_OBJC_ROOT_CLASS = YES_ERROR;
				CLANG_WARN_RANGE_LOOP_ANALYSIS = YES;
				CLANG_WARN_STRICT_PROTOTYPES = YES;
				CLANG_WARN_SUSPICIOUS_MOVE = YES;
				CLANG_WARN_UNGUARDED_AVAILABILITY = YES_AGGRESSIVE;
				CLANG_WARN_UNREACHABLE_CODE = YES;
				CLANG_WARN__DUPLICATE_METHOD_MATCH = YES;
				CODE_SIGN_IDENTITY = "iPhone Developer";
				COPY_PHASE_STRIP = NO;
				DEBUG_INFORMATION_FORMAT = "dwarf-with-dsym";
				ENABLE_NS_ASSERTIONS = NO;
				ENABLE_STRICT_OBJC_MSGSEND = YES;
				GCC_C_LANGUAGE_STANDARD = gnu11;
				GCC_NO_COMMON_BLOCKS = YES;
				GCC_WARN_64_TO_32_BIT_CONVERSION = YES;
				GCC_WARN_ABOUT_RETURN_TYPE = YES_ERROR;
				GCC_WARN_UNDECLARED_SELECTOR = YES;
				GCC_WARN_UNINITIALIZED_AUTOS = YES_AGGRESSIVE;
				GCC_WARN_UNUSED_FUNCTION = YES;
				GCC_WARN_UNUSED_VARIABLE = YES;
				IPHONEOS_DEPLOYMENT_TARGET = 11.2;
				MTL_ENABLE_DEBUG_INFO = NO;
				SDKROOT = iphoneos;
				SWIFT_OPTIMIZATION_LEVEL = "-Owholemodule";
				VALIDATE_PRODUCT = YES;
			};
			name = Release;
		};
		94BEF4FC213E7C3C0034CCCA /* Debug */ = {
			isa = XCBuildConfiguration;
			buildSettings = {
				ASSETCATALOG_COMPILER_APPICON_NAME = AppIcon;
				CODE_SIGN_STYLE = Automatic;
				INFOPLIST_FILE = GItSubmit/Info.plist;
				LD_RUNPATH_SEARCH_PATHS = "$(inherited) @executable_path/Frameworks";
				PRODUCT_BUNDLE_IDENTIFIER = com.GItSubmit;
				PRODUCT_NAME = "$(TARGET_NAME)";
				SWIFT_VERSION = 4.0;
				TARGETED_DEVICE_FAMILY = "1,2";
			};
			name = Debug;
		};
		94BEF4FD213E7C3C0034CCCA /* Release */ = {
			isa = XCBuildConfiguration;
			buildSettings = {
				ASSETCATALOG_COMPILER_APPICON_NAME = AppIcon;
				CODE_SIGN_STYLE = Automatic;
				INFOPLIST_FILE = GItSubmit/Info.plist;
				LD_RUNPATH_SEARCH_PATHS = "$(inherited) @executable_path/Frameworks";
				PRODUCT_BUNDLE_IDENTIFIER = com.GItSubmit;
				PRODUCT_NAME = "$(TARGET_NAME)";
				SWIFT_VERSION = 4.0;
				TARGETED_DEVICE_FAMILY = "1,2";
			};
			name = Release;
		};
/* End XCBuildConfiguration section */

/* Begin XCConfigurationList section */
		94BEF4E4213E7C3C0034CCCA /* Build configuration list for PBXProject "GItSubmit" */ = {
			isa = XCConfigurationList;
			buildConfigurations = (
				94BEF4F9213E7C3C0034CCCA /* Debug */,
				94BEF4FA213E7C3C0034CCCA /* Release */,
			);
			defaultConfigurationIsVisible = 0;
			defaultConfigurationName = Release;
		};
		94BEF4FB213E7C3C0034CCCA /* Build configuration list for PBXNativeTarget "GItSubmit" */ = {
			isa = XCConfigurationList;
			buildConfigurations = (
				94BEF4FC213E7C3C0034CCCA /* Debug */,
				94BEF4FD213E7C3C0034CCCA /* Release */,
			);
			defaultConfigurationIsVisible = 0;
			defaultConfigurationName = Release;
		};
/* End XCConfigurationList section */
	};
	rootObject = 94BEF4E1213E7C3C0034CCCA /* Project object */;
}
